
Microsoft Visual Studio Solution File, Format Version 12.00
# Visual Studio Version 16
VisualStudioVersion = 16.0.29926.136
MinimumVisualStudioVersion = 10.0.40219.1
Project("{8BC9CEB8-8B4A-11D0-8D11-00A0C91BC942}") = "4-1 使用佇列進行Enqueue和Dequeue", "4-1 使用佇列進行Enqueue和Dequeue.vcxproj", "{31898817-C282-4D2A-BA57-85C2FF59806D}"
EndProject
Global
	GlobalSection(SolutionConfigurationPlatforms) = preSolution
		Debug|x64 = Debug|x64
		Debug|x86 = Debug|x86
		Release|x64 = Release|x64
		Release|x86 = Release|x86
	EndGlobalSection
	GlobalSection(ProjectConfigurationPlatforms) = postSolution
		{31898817-C282-4D2A-BA57-85C2FF59806D}.Debug|x64.ActiveCfg = Debug|x64
		{31898817-C282-4D2A-BA57-85C2FF59806D}.Debug|x64.Build.0 = Debug|x64
		{31898817-C282-4D2A-BA57-85C2FF59806D}.Debug|x86.ActiveCfg = Debug|Win32
		{31898817-C282-4D2A-BA57-85C2FF59806D}.Debug|x86.Build.0 = Debug|Win32
		{31898817-C282-4D2A-BA57-85C2FF59806D}.Release|x64.ActiveCfg = Release|x64
		{31898817-C282-4D2A-BA57-85C2FF59806D}.Release|x64.Build.0 = Release|x64
		{31898817-C282-4D2A-BA57-85C2FF59806D}.Release|x86.ActiveCfg = Release|Win32
		{31898817-C282-4D2A-BA57-85C2FF59806D}.Release|x86.Build.0 = Release|Win32
	EndGlobalSection
	GlobalSection(SolutionProperties) = preSolution
		HideSolutionNode = FALSE
	EndGlobalSection
	GlobalSection(ExtensibilityGlobals) = postSolution
		SolutionGuid = {697CEC70-3548-4EDC-87AE-2F3B42C5CC86}
	EndGlobalSection
EndGlobal
